
Microsoft Visual Studio Solution File, Format Version 12.00
# Visual Studio Version 17
VisualStudioVersion = 17.7.34031.279
MinimumVisualStudioVersion = 10.0.40219.1
Project("{FAE04EC0-301F-11D3-BF4B-00C04F79EFBC}") = "NumerosDel1al200", "NumerosDel1al200\NumerosDel1al200.csproj", "{77DBEFBA-B51A-4792-8CE0-9CCF634356BE}"
EndProject
Project("{FAE04EC0-301F-11D3-BF4B-00C04F79EFBC}") = "Anagrama", "Anagrama\Anagrama.csproj", "{DF471DE3-BB97-4159-9F56-E1AD2D45E519}"
EndProject
Project("{FAE04EC0-301F-11D3-BF4B-00C04F79EFBC}") = "ComprensionCadena", "ComprensionCadena\ComprensionCadena.csproj", "{C3E111DB-F6CD-4993-AB3B-539C592373EE}"
EndProject
Project("{FAE04EC0-301F-11D3-BF4B-00C04F79EFBC}") = "SinVariableTemporal", "SinVariableTemporal\SinVariableTemporal.csproj", "{A522F3FD-58CB-4C3C-8380-3847D3E2A66A}"
EndProject
Project("{FAE04EC0-301F-11D3-BF4B-00C04F79EFBC}") = "Matriz", "Matriz\Matriz.csproj", "{6E79F2B8-66FB-467E-B522-034FBDDA694A}"
EndProject
Global
	GlobalSection(SolutionConfigurationPlatforms) = preSolution
		Debug|Any CPU = Debug|Any CPU
		Release|Any CPU = Release|Any CPU
	EndGlobalSection
	GlobalSection(ProjectConfigurationPlatforms) = postSolution
		{77DBEFBA-B51A-4792-8CE0-9CCF634356BE}.Debug|Any CPU.ActiveCfg = Debug|Any CPU
		{77DBEFBA-B51A-4792-8CE0-9CCF634356BE}.Debug|Any CPU.Build.0 = Debug|Any CPU
		{77DBEFBA-B51A-4792-8CE0-9CCF634356BE}.Release|Any CPU.ActiveCfg = Release|Any CPU
		{77DBEFBA-B51A-4792-8CE0-9CCF634356BE}.Release|Any CPU.Build.0 = Release|Any CPU
		{DF471DE3-BB97-4159-9F56-E1AD2D45E519}.Debug|Any CPU.ActiveCfg = Debug|Any CPU
		{DF471DE3-BB97-4159-9F56-E1AD2D45E519}.Debug|Any CPU.Build.0 = Debug|Any CPU
		{DF471DE3-BB97-4159-9F56-E1AD2D45E519}.Release|Any CPU.ActiveCfg = Release|Any CPU
		{DF471DE3-BB97-4159-9F56-E1AD2D45E519}.Release|Any CPU.Build.0 = Release|Any CPU
		{C3E111DB-F6CD-4993-AB3B-539C592373EE}.Debug|Any CPU.ActiveCfg = Debug|Any CPU
		{C3E111DB-F6CD-4993-AB3B-539C592373EE}.Debug|Any CPU.Build.0 = Debug|Any CPU
		{C3E111DB-F6CD-4993-AB3B-539C592373EE}.Release|Any CPU.ActiveCfg = Release|Any CPU
		{C3E111DB-F6CD-4993-AB3B-539C592373EE}.Release|Any CPU.Build.0 = Release|Any CPU
		{A522F3FD-58CB-4C3C-8380-3847D3E2A66A}.Debug|Any CPU.ActiveCfg = Debug|Any CPU
		{A522F3FD-58CB-4C3C-8380-3847D3E2A66A}.Debug|Any CPU.Build.0 = Debug|Any CPU
		{A522F3FD-58CB-4C3C-8380-3847D3E2A66A}.Release|Any CPU.ActiveCfg = Release|Any CPU
		{A522F3FD-58CB-4C3C-8380-3847D3E2A66A}.Release|Any CPU.Build.0 = Release|Any CPU
		{6E79F2B8-66FB-467E-B522-034FBDDA694A}.Debug|Any CPU.ActiveCfg = Debug|Any CPU
		{6E79F2B8-66FB-467E-B522-034FBDDA694A}.Debug|Any CPU.Build.0 = Debug|Any CPU
		{6E79F2B8-66FB-467E-B522-034FBDDA694A}.Release|Any CPU.ActiveCfg = Release|Any CPU
		{6E79F2B8-66FB-467E-B522-034FBDDA694A}.Release|Any CPU.Build.0 = Release|Any CPU
	EndGlobalSection
	GlobalSection(SolutionProperties) = preSolution
		HideSolutionNode = FALSE
	EndGlobalSection
	GlobalSection(ExtensibilityGlobals) = postSolution
		SolutionGuid = {05E8E8AA-3FB0-4183-B207-B6426093275E}
	EndGlobalSection
EndGlobal
